
Microsoft Visual Studio Solution File, Format Version 12.00
# Visual Studio Version 16
VisualStudioVersion = 16.0.36107.64
MinimumVisualStudioVersion = 10.0.40219.1
Project("{8BC9CEB8-8B4A-11D0-8D11-00A0C91BC942}") = "TheCode_NEST_Read1Climate_Console", "TheCode_NEST_Read1Climate_Console.vcxproj", "{F746E40D-4070-435F-A3D2-436705D29706}"
EndProject
Global
	GlobalSection(SolutionConfigurationPlatforms) = preSolution
		Debug|x64 = Debug|x64
		Debug|x86 = Debug|x86
		Release|x64 = Release|x64
		Release|x86 = Release|x86
	EndGlobalSection
	GlobalSection(ProjectConfigurationPlatforms) = postSolution
		{F746E40D-4070-435F-A3D2-436705D29706}.Debug|x64.ActiveCfg = Debug|x64
		{F746E40D-4070-435F-A3D2-436705D29706}.Debug|x64.Build.0 = Debug|x64
		{F746E40D-4070-435F-A3D2-436705D29706}.Debug|x86.ActiveCfg = Debug|Win32
		{F746E40D-4070-435F-A3D2-436705D29706}.Debug|x86.Build.0 = Debug|Win32
		{F746E40D-4070-435F-A3D2-436705D29706}.Release|x64.ActiveCfg = Release|x64
		{F746E40D-4070-435F-A3D2-436705D29706}.Release|x64.Build.0 = Release|x64
		{F746E40D-4070-435F-A3D2-436705D29706}.Release|x86.ActiveCfg = Release|Win32
		{F746E40D-4070-435F-A3D2-436705D29706}.Release|x86.Build.0 = Release|Win32
	EndGlobalSection
	GlobalSection(SolutionProperties) = preSolution
		HideSolutionNode = FALSE
	EndGlobalSection
	GlobalSection(ExtensibilityGlobals) = postSolution
		SolutionGuid = {A88F961C-D8F6-4389-83D6-51789904E9A2}
	EndGlobalSection
EndGlobal
